// !$*UTF8*$!
{
	archiveVersion = 1;
	classes = {
	};
	objectVersion = 50;
	objects = {

/* Begin PBXBuildFile section */
		83440DDD26BF94A600DD855F /* AppDelegate.m in Sources */ = {isa = PBXBuildFile; fileRef = 83440DDC26BF94A600DD855F /* AppDelegate.m */; };
		83440DE026BF94A600DD855F /* SceneDelegate.m in Sources */ = {isa = PBXBuildFile; fileRef = 83440DDF26BF94A600DD855F /* SceneDelegate.m */; };
		83440DE326BF94A600DD855F /* ViewController.m in Sources */ = {isa = PBXBuildFile; fileRef = 83440DE226BF94A600DD855F /* ViewController.m */; };
		83440DE626BF94A600DD855F /* Main.storyboard in Resources */ = {isa = PBXBuildFile; fileRef = 83440DE426BF94A600DD855F /* Main.storyboard */; };
		83440DE826BF94A800DD855F /* Assets.xcassets in Resources */ = {isa = PBXBuildFile; fileRef = 83440DE726BF94A800DD855F /* Assets.xcassets */; };
		83440DEB26BF94A800DD855F /* LaunchScreen.storyboard in Resources */ = {isa = PBXBuildFile; fileRef = 83440DE926BF94A800DD855F /* LaunchScreen.storyboard */; };
		83440DEE26BF94A800DD855F /* main.m in Sources */ = {isa = PBXBuildFile; fileRef = 83440DED26BF94A800DD855F /* main.m */; };
		83440DF826BF94A800DD855F /* Swift_01Tests.m in Sources */ = {isa = PBXBuildFile; fileRef = 83440DF726BF94A800DD855F /* Swift_01Tests.m */; };
		83440E0326BF94A800DD855F /* Swift_01UITests.m in Sources */ = {isa = PBXBuildFile; fileRef = 83440E0226BF94A800DD855F /* Swift_01UITests.m */; };
/* End PBXBuildFile section */

/* Begin PBXContainerItemProxy section */
		83440DF426BF94A800DD855F /* PBXContainerItemProxy */ = {
			isa = PBXContainerItemProxy;
			containerPortal = 83440DD026BF94A500DD855F /* Project object */;
			proxyType = 1;
			remoteGlobalIDString = 83440DD726BF94A500DD855F;
			remoteInfo = "Swift-01";
		};
		83440DFF26BF94A800DD855F /* PBXContainerItemProxy */ = {
			isa = PBXContainerItemProxy;
			containerPortal = 83440DD026BF94A500DD855F /* Project object */;
			proxyType = 1;
			remoteGlobalIDString = 83440DD726BF94A500DD855F;
			remoteInfo = "Swift-01";
		};
/* End PBXContainerItemProxy section */

/* Begin PBXFileReference section */
		83440DD826BF94A600DD855F /* Swift-01.app */ = {isa = PBXFileReference; explicitFileType = wrapper.application; includeInIndex = 0; path = "Swift-01.app"; sourceTree = BUILT_PRODUCTS_DIR; };
		83440DDB26BF94A600DD855F /* AppDelegate.h */ = {isa = PBXFileReference; lastKnownFileType = sourcecode.c.h; path = AppDelegate.h; sourceTree = "<group>"; };
		83440DDC26BF94A600DD855F /* AppDelegate.m */ = {isa = PBXFileReference; lastKnownFileType = sourcecode.c.objc; path = AppDelegate.m; sourceTree = "<group>"; };
		83440DDE26BF94A600DD855F /* SceneDelegate.h */ = {isa = PBXFileReference; lastKnownFileType = sourcecode.c.h; path = SceneDelegate.h; sourceTree = "<group>"; };
		83440DDF26BF94A600DD855F /* SceneDelegate.m */ = {isa = PBXFileReference; lastKnownFileType = sourcecode.c.objc; path = SceneDelegate.m; sourceTree = "<group>"; };
		83440DE126BF94A600DD855F /* ViewController.h */ = {isa = PBXFileReference; lastKnownFileType = sourcecode.c.h; path = ViewController.h; sourceTree = "<group>"; };
		83440DE226BF94A600DD855F /* ViewController.m */ = {isa = PBXFileReference; lastKnownFileType = sourcecode.c.objc; path = ViewController.m; sourceTree = "<group>"; };
		83440DE526BF94A600DD855F /* Base */ = {isa = PBXFileReference; lastKnownFileType = file.storyboard; name = Base; path = Base.lproj/Main.storyboard; sourceTree = "<group>"; };
		83440DE726BF94A800DD855F /* Assets.xcassets */ = {isa = PBXFileReference; lastKnownFileType = folder.assetcatalog; path = Assets.xcassets; sourceTree = "<group>"; };
		83440DEA26BF94A800DD855F /* Base */ = {isa = PBXFileReference; lastKnownFileType = file.storyboard; name = Base; path = Base.lproj/LaunchScreen.storyboard; sourceTree = "<group>"; };
		83440DEC26BF94A800DD855F /* Info.plist */ = {isa = PBXFileReference; lastKnownFileType = text.plist.xml; path = Info.plist; sourceTree = "<group>"; };
		83440DED26BF94A800DD855F /* main.m */ = {isa = PBXFileReference; lastKnownFileType = sourcecode.c.objc; path = main.m; sourceTree = "<group>"; };
		83440DF326BF94A800DD855F /* Swift-01Tests.xctest */ = {isa = PBXFileReference; explicitFileType = wrapper.cfbundle; includeInIndex = 0; path = "Swift-01Tests.xctest"; sourceTree = BUILT_PRODUCTS_DIR; };
		83440DF726BF94A800DD855F /* Swift_01Tests.m */ = {isa = PBXFileReference; lastKnownFileType = sourcecode.c.objc; path = Swift_01Tests.m; sourceTree = "<group>"; };
		83440DF926BF94A800DD855F /* Info.plist */ = {isa = PBXFileReference; lastKnownFileType = text.plist.xml; path = Info.plist; sourceTree = "<group>"; };
		83440DFE26BF94A800DD855F /* Swift-01UITests.xctest */ = {isa = PBXFileReference; explicitFileType = wrapper.cfbundle; includeInIndex = 0; path = "Swift-01UITests.xctest"; sourceTree = BUILT_PRODUCTS_DIR; };
		83440E0226BF94A800DD855F /* Swift_01UITests.m */ = {isa = PBXFileReference; lastKnownFileType = sourcecode.c.objc; path = Swift_01UITests.m; sourceTree = "<group>"; };
		83440E0426BF94A800DD855F /* Info.plist */ = {isa = PBXFileReference; lastKnownFileType = text.plist.xml; path = Info.plist; sourceTree = "<group>"; };
/* End PBXFileReference section */

/* Begin PBXFrameworksBuildPhase section */
		83440DD526BF94A500DD855F /* Frameworks */ = {
			isa = PBXFrameworksBuildPhase;
			buildActionMask = 2147483647;
			files = (
			);
			runOnlyForDeploymentPostprocessing = 0;
		};
		83440DF026BF94A800DD855F /* Frameworks */ = {
			isa = PBXFrameworksBuildPhase;
			buildActionMask = 2147483647;
			files = (
			);
			runOnlyForDeploymentPostprocessing = 0;
		};
		83440DFB26BF94A800DD855F /* Frameworks */ = {
			isa = PBXFrameworksBuildPhase;
			buildActionMask = 2147483647;
			files = (
			);
			runOnlyForDeploymentPostprocessing = 0;
		};
/* End PBXFrameworksBuildPhase section */

/* Begin PBXGroup section */
		83440DCF26BF94A500DD855F = {
			isa = PBXGroup;
			children = (
				83440DDA26BF94A600DD855F /* Swift-01 */,
				83440DF626BF94A800DD855F /* Swift-01Tests */,
				83440E0126BF94A800DD855F /* Swift-01UITests */,
				83440DD926BF94A600DD855F /* Products */,
			);
			sourceTree = "<group>";
		};
		83440DD926BF94A600DD855F /* Products */ = {
			isa = PBXGroup;
			children = (
				83440DD826BF94A600DD855F /* Swift-01.app */,
				83440DF326BF94A800DD855F /* Swift-01Tests.xctest */,
				83440DFE26BF94A800DD855F /* Swift-01UITests.xctest */,
			);
			name = Products;
			sourceTree = "<group>";
		};
		83440DDA26BF94A600DD855F /* Swift-01 */ = {
			isa = PBXGroup;
			children = (
				83440DDB26BF94A600DD855F /* AppDelegate.h */,
				83440DDC26BF94A600DD855F /* AppDelegate.m */,
				83440DDE26BF94A600DD855F /* SceneDelegate.h */,
				83440DDF26BF94A600DD855F /* SceneDelegate.m */,
				83440DE126BF94A600DD855F /* ViewController.h */,
				83440DE226BF94A600DD855F /* ViewController.m */,
				83440DE426BF94A600DD855F /* Main.storyboard */,
				83440DE726BF94A800DD855F /* Assets.xcassets */,
				83440DE926BF94A800DD855F /* LaunchScreen.storyboard */,
				83440DEC26BF94A800DD855F /* Info.plist */,
				83440DED26BF94A800DD855F /* main.m */,
			);
			path = "Swift-01";
			sourceTree = "<group>";
		};
		83440DF626BF94A800DD855F /* Swift-01Tests */ = {
			isa = PBXGroup;
			children = (
				83440DF726BF94A800DD855F /* Swift_01Tests.m */,
				83440DF926BF94A800DD855F /* Info.plist */,
			);
			path = "Swift-01Tests";
			sourceTree = "<group>";
		};
		83440E0126BF94A800DD855F /* Swift-01UITests */ = {
			isa = PBXGroup;
			children = (
				83440E0226BF94A800DD855F /* Swift_01UITests.m */,
				83440E0426BF94A800DD855F /* Info.plist */,
			);
			path = "Swift-01UITests";
			sourceTree = "<group>";
		};
/* End PBXGroup section */

/* Begin PBXNativeTarget section */
		83440DD726BF94A500DD855F /* Swift-01 */ = {
			isa = PBXNativeTarget;
			buildConfigurationList = 83440E0726BF94A800DD855F /* Build configuration list for PBXNativeTarget "Swift-01" */;
			buildPhases = (
				83440DD426BF94A500DD855F /* Sources */,
				83440DD526BF94A500DD855F /* Frameworks */,
				83440DD626BF94A500DD855F /* Resources */,
			);
			buildRules = (
			);
			dependencies = (
			);
			name = "Swift-01";
			productName = "Swift-01";
			productReference = 83440DD826BF94A600DD855F /* Swift-01.app */;
			productType = "com.apple.product-type.application";
		};
		83440DF226BF94A800DD855F /* Swift-01Tests */ = {
			isa = PBXNativeTarget;
			buildConfigurationList = 83440E0A26BF94A800DD855F /* Build configuration list for PBXNativeTarget "Swift-01Tests" */;
			buildPhases = (
				83440DEF26BF94A800DD855F /* Sources */,
				83440DF026BF94A800DD855F /* Frameworks */,
				83440DF126BF94A800DD855F /* Resources */,
			);
			buildRules = (
			);
			dependencies = (
				83440DF526BF94A800DD855F /* PBXTargetDependency */,
			);
			name = "Swift-01Tests";
			productName = "Swift-01Tests";
			productReference = 83440DF326BF94A800DD855F /* Swift-01Tests.xctest */;
			productType = "com.apple.product-type.bundle.unit-test";
		};
		83440DFD26BF94A800DD855F /* Swift-01UITests */ = {
			isa = PBXNativeTarget;
			buildConfigurationList = 83440E0D26BF94A800DD855F /* Build configuration list for PBXNativeTarget "Swift-01UITests" */;
			buildPhases = (
				83440DFA26BF94A800DD855F /* Sources */,
				83440DFB26BF94A800DD855F /* Frameworks */,
				83440DFC26BF94A800DD855F /* Resources */,
			);
			buildRules = (
			);
			dependencies = (
				83440E0026BF94A800DD855F /* PBXTargetDependency */,
			);
			name = "Swift-01UITests";
			productName = "Swift-01UITests";
			productReference = 83440DFE26BF94A800DD855F /* Swift-01UITests.xctest */;
			productType = "com.apple.product-type.bundle.ui-testing";
		};
/* End PBXNativeTarget section */

/* Begin PBXProject section */
		83440DD026BF94A500DD855F /* Project object */ = {
			isa = PBXProject;
			attributes = {
				LastUpgradeCheck = 1230;
				TargetAttributes = {
					83440DD726BF94A500DD855F = {
						CreatedOnToolsVersion = 12.3;
					};
					83440DF226BF94A800DD855F = {
						CreatedOnToolsVersion = 12.3;
						TestTargetID = 83440DD726BF94A500DD855F;
					};
					83440DFD26BF94A800DD855F = {
						CreatedOnToolsVersion = 12.3;
						TestTargetID = 83440DD726BF94A500DD855F;
					};
				};
			};
			buildConfigurationList = 83440DD326BF94A500DD855F /* Build configuration list for PBXProject "Swift-01" */;
			compatibilityVersion = "Xcode 9.3";
			developmentRegion = en;
			hasScannedForEncodings = 0;
			knownRegions = (
				en,
				Base,
			);
			mainGroup = 83440DCF26BF94A500DD855F;
			productRefGroup = 83440DD926BF94A600DD855F /* Products */;
			projectDirPath = "";
			projectRoot = "";
			targets = (
				83440DD726BF94A500DD855F /* Swift-01 */,
				83440DF226BF94A800DD855F /* Swift-01Tests */,
				83440DFD26BF94A800DD855F /* Swift-01UITests */,
			);
		};
/* End PBXProject section */

/* Begin PBXResourcesBuildPhase section */
		83440DD626BF94A500DD855F /* Resources */ = {
			isa = PBXResourcesBuildPhase;
			buildActionMask = 2147483647;
			files = (
				83440DEB26BF94A800DD855F /* LaunchScreen.storyboard in Resources */,
				83440DE826BF94A800DD855F /* Assets.xcassets in Resources */,
				83440DE626BF94A600DD855F /* Main.storyboard in Resources */,
			);
			runOnlyForDeploymentPostprocessing = 0;
		};
		83440DF126BF94A800DD855F /* Resources */ = {
			isa = PBXResourcesBuildPhase;
			buildActionMask = 2147483647;
			files = (
			);
			runOnlyForDeploymentPostprocessing = 0;
		};
		83440DFC26BF94A800DD855F /* Resources */ = {
			isa = PBXResourcesBuildPhase;
			buildActionMask = 2147483647;
			files = (
			);
			runOnlyForDeploymentPostprocessing = 0;
		};
/* End PBXResourcesBuildPhase section */

/* Begin PBXSourcesBuildPhase section */
		83440DD426BF94A500DD855F /* Sources */ = {
			isa = PBXSourcesBuildPhase;
			buildActionMask = 2147483647;
			files = (
				83440DE326BF94A600DD855F /* ViewController.m in Sources */,
				83440DDD26BF94A600DD855F /* AppDelegate.m in Sources */,
				83440DEE26BF94A800DD855F /* main.m in Sources */,
				83440DE026BF94A600DD855F /* SceneDelegate.m in Sources */,
			);
			runOnlyForDeploymentPostprocessing = 0;
		};
		83440DEF26BF94A800DD855F /* Sources */ = {
			isa = PBXSourcesBuildPhase;
			buildActionMask = 2147483647;
			files = (
				83440DF826BF94A800DD855F /* Swift_01Tests.m in Sources */,
			);
			runOnlyForDeploymentPostprocessing = 0;
		};
		83440DFA26BF94A800DD855F /* Sources */ = {
			isa = PBXSourcesBuildPhase;
			buildActionMask = 2147483647;
			files = (
				83440E0326BF94A800DD855F /* Swift_01UITests.m in Sources */,
			);
			runOnlyForDeploymentPostprocessing = 0;
		};
/* End PBXSourcesBuildPhase section */

/* Begin PBXTargetDependency section */
		83440DF526BF94A800DD855F /* PBXTargetDependency */ = {
			isa = PBXTargetDependency;
			target = 83440DD726BF94A500DD855F /* Swift-01 */;
			targetProxy = 83440DF426BF94A800DD855F /* PBXContainerItemProxy */;
		};
		83440E0026BF94A800DD855F /* PBXTargetDependency */ = {
			isa = PBXTargetDependency;
			target = 83440DD726BF94A500DD855F /* Swift-01 */;
			targetProxy = 83440DFF26BF94A800DD855F /* PBXContainerItemProxy */;
		};
/* End PBXTargetDependency section */

/* Begin PBXVariantGroup section */
		83440DE426BF94A600DD855F /* Main.storyboard */ = {
			isa = PBXVariantGroup;
			children = (
				83440DE526BF94A600DD855F /* Base */,
			);
			name = Main.storyboard;
			sourceTree = "<group>";
		};
		83440DE926BF94A800DD855F /* LaunchScreen.storyboard */ = {
			isa = PBXVariantGroup;
			children = (
				83440DEA26BF94A800DD855F /* Base */,
			);
			name = LaunchScreen.storyboard;
			sourceTree = "<group>";
		};
/* End PBXVariantGroup section */

/* Begin XCBuildConfiguration section */
		83440E0526BF94A800DD855F /* Debug */ = {
			isa = XCBuildConfiguration;
			buildSettings = {
				ALWAYS_SEARCH_USER_PATHS = NO;
				CLANG_ANALYZER_NONNULL = YES;
				CLANG_ANALYZER_NUMBER_OBJECT_CONVERSION = YES_AGGRESSIVE;
				CLANG_CXX_LANGUAGE_STANDARD = "gnu++14";
				CLANG_CXX_LIBRARY = "libc++";
				CLANG_ENABLE_MODULES = YES;
				CLANG_ENABLE_OBJC_ARC = YES;
				CLANG_ENABLE_OBJC_WEAK = YES;
				CLANG_WARN_BLOCK_CAPTURE_AUTORELEASING = YES;
				CLANG_WARN_BOOL_CONVERSION = YES;
				CLANG_WARN_COMMA = YES;
				CLANG_WARN_CONSTANT_CONVERSION = YES;
				CLANG_WARN_DEPRECATED_OBJC_IMPLEMENTATIONS = YES;
				CLANG_WARN_DIRECT_OBJC_ISA_USAGE = YES_ERROR;
				CLANG_WARN_DOCUMENTATION_COMMENTS = YES;
				CLANG_WARN_EMPTY_BODY = YES;
				CLANG_WARN_ENUM_CONVERSION = YES;
				CLANG_WARN_INFINITE_RECURSION = YES;
				CLANG_WARN_INT_CONVERSION = YES;
				CLANG_WARN_NON_LITERAL_NULL_CONVERSION = YES;
				CLANG_WARN_OBJC_IMPLICIT_RETAIN_SELF = YES;
				CLANG_WARN_OBJC_LITERAL_CONVERSION = YES;
				CLANG_WARN_OBJC_ROOT_CLASS = YES_ERROR;
				CLANG_WARN_QUOTED_INCLUDE_IN_FRAMEWORK_HEADER = YES;
				CLANG_WARN_RANGE_LOOP_ANALYSIS = YES;
				CLANG_WARN_STRICT_PROTOTYPES = YES;
				CLANG_WARN_SUSPICIOUS_MOVE = YES;
				CLANG_WARN_UNGUARDED_AVAILABILITY = YES_AGGRESSIVE;
				CLANG_WARN_UNREACHABLE_CODE = YES;
				CLANG_WARN__DUPLICATE_METHOD_MATCH = YES;
				COPY_PHASE_STRIP = NO;
				DEBUG_INFORMATION_FORMAT = dwarf;
				ENABLE_STRICT_OBJC_MSGSEND = YES;
				ENABLE_TESTABILITY = YES;
				GCC_C_LANGUAGE_STANDARD = gnu11;
				GCC_DYNAMIC_NO_PIC = NO;
				GCC_NO_COMMON_BLOCKS = YES;
				GCC_OPTIMIZATION_LEVEL = 0;
				GCC_PREPROCESSOR_DEFINITIONS = (
					"DEBUG=1",
					"$(inherited)",
				);
				GCC_WARN_64_TO_32_BIT_CONVERSION = YES;
				GCC_WARN_ABOUT_RETURN_TYPE = YES_ERROR;
				GCC_WARN_UNDECLARED_SELECTOR = YES;
				GCC_WARN_UNINITIALIZED_AUTOS = YES_AGGRESSIVE;
				GCC_WARN_UNUSED_FUNCTION = YES;
				GCC_WARN_UNUSED_VARIABLE = YES;
				IPHONEOS_DEPLOYMENT_TARGET = 14.3;
				MTL_ENABLE_DEBUG_INFO = INCLUDE_SOURCE;
				MTL_FAST_MATH = YES;
				ONLY_ACTIVE_ARCH = YES;
				SDKROOT = iphoneos;
			};
			name = Debug;
		};
		83440E0626BF94A800DD855F /* Release */ = {
			isa = XCBuildConfiguration;
			buildSettings = {
				ALWAYS_SEARCH_USER_PATHS = NO;
				CLANG_ANALYZER_NONNULL = YES;
				CLANG_ANALYZER_NUMBER_OBJECT_CONVERSION = YES_AGGRESSIVE;
				CLANG_CXX_LANGUAGE_STANDARD = "gnu++14";
				CLANG_CXX_LIBRARY = "libc++";
				CLANG_ENABLE_MODULES = YES;
				CLANG_ENABLE_OBJC_ARC = YES;
				CLANG_ENABLE_OBJC_WEAK = YES;
				CLANG_WARN_BLOCK_CAPTURE_AUTORELEASING = YES;
				CLANG_WARN_BOOL_CONVERSION = YES;
				CLANG_WARN_COMMA = YES;
				CLANG_WARN_CONSTANT_CONVERSION = YES;
				CLANG_WARN_DEPRECATED_OBJC_IMPLEMENTATIONS = YES;
				CLANG_WARN_DIRECT_OBJC_ISA_USAGE = YES_ERROR;
				CLANG_WARN_DOCUMENTATION_COMMENTS = YES;
				CLANG_WARN_EMPTY_BODY = YES;
				CLANG_WARN_ENUM_CONVERSION = YES;
				CLANG_WARN_INFINITE_RECURSION = YES;
				CLANG_WARN_INT_CONVERSION = YES;
				CLANG_WARN_NON_LITERAL_NULL_CONVERSION = YES;
				CLANG_WARN_OBJC_IMPLICIT_RETAIN_SELF = YES;
				CLANG_WARN_OBJC_LITERAL_CONVERSION = YES;
				CLANG_WARN_OBJC_ROOT_CLASS = YES_ERROR;
				CLANG_WARN_QUOTED_INCLUDE_IN_FRAMEWORK_HEADER = YES;
				CLANG_WARN_RANGE_LOOP_ANALYSIS = YES;
				CLANG_WARN_STRICT_PROTOTYPES = YES;
				CLANG_WARN_SUSPICIOUS_MOVE = YES;
				CLANG_WARN_UNGUARDED_AVAILABILITY = YES_AGGRESSIVE;
				CLANG_WARN_UNREACHABLE_CODE = YES;
				CLANG_WARN__DUPLICATE_METHOD_MATCH = YES;
				COPY_PHASE_STRIP = NO;
				DEBUG_INFORMATION_FORMAT = "dwarf-with-dsym";
				ENABLE_NS_ASSERTIONS = NO;
				ENABLE_STRICT_OBJC_MSGSEND = YES;
				GCC_C_LANGUAGE_STANDARD = gnu11;
				GCC_NO_COMMON_BLOCKS = YES;
				GCC_WARN_64_TO_32_BIT_CONVERSION = YES;
				GCC_WARN_ABOUT_RETURN_TYPE = YES_ERROR;
				GCC_WARN_UNDECLARED_SELECTOR = YES;
				GCC_WARN_UNINITIALIZED_AUTOS = YES_AGGRESSIVE;
				GCC_WARN_UNUSED_FUNCTION = YES;
				GCC_WARN_UNUSED_VARIABLE = YES;
				IPHONEOS_DEPLOYMENT_TARGET = 14.3;
				MTL_ENABLE_DEBUG_INFO = NO;
				MTL_FAST_MATH = YES;
				SDKROOT = iphoneos;
				VALIDATE_PRODUCT = YES;
			};
			name = Release;
		};
		83440E0826BF94A800DD855F /* Debug */ = {
			isa = XCBuildConfiguration;
			buildSettings = {
				ASSETCATALOG_COMPILER_APPICON_NAME = AppIcon;
				ASSETCATALOG_COMPILER_GLOBAL_ACCENT_COLOR_NAME = AccentColor;
				CODE_SIGN_STYLE = Automatic;
				DEVELOPMENT_TEAM = RRCXN6W74X;
				INFOPLIST_FILE = "Swift-01/Info.plist";
				LD_RUNPATH_SEARCH_PATHS = (
					"$(inherited)",
					"@executable_path/Frameworks",
				);
				PRODUCT_BUNDLE_IDENTIFIER = "com.test.Swift-01";
				PRODUCT_NAME = "$(TARGET_NAME)";
				TARGETED_DEVICE_FAMILY = "1,2";
			};
			name = Debug;
		};
		83440E0926BF94A800DD855F /* Release */ = {
			isa = XCBuildConfiguration;
			buildSettings = {
				ASSETCATALOG_COMPILER_APPICON_NAME = AppIcon;
				ASSETCATALOG_COMPILER_GLOBAL_ACCENT_COLOR_NAME = AccentColor;
				CODE_SIGN_STYLE = Automatic;
				DEVELOPMENT_TEAM = RRCXN6W74X;
				INFOPLIST_FILE = "Swift-01/Info.plist";
				LD_RUNPATH_SEARCH_PATHS = (
					"$(inherited)",
					"@executable_path/Frameworks",
				);
				PRODUCT_BUNDLE_IDENTIFIER = "com.test.Swift-01";
				PRODUCT_NAME = "$(TARGET_NAME)";
				TARGETED_DEVICE_FAMILY = "1,2";
			};
			name = Release;
		};
		83440E0B26BF94A800DD855F /* Debug */ = {
			isa = XCBuildConfiguration;
			buildSettings = {
				BUNDLE_LOADER = "$(TEST_HOST)";
				CODE_SIGN_STYLE = Automatic;
				DEVELOPMENT_TEAM = RRCXN6W74X;
				INFOPLIST_FILE = "Swift-01Tests/Info.plist";
				IPHONEOS_DEPLOYMENT_TARGET = 14.3;
				LD_RUNPATH_SEARCH_PATHS = (
					"$(inherited)",
					"@executable_path/Frameworks",
					"@loader_path/Frameworks",
				);
				PRODUCT_BUNDLE_IDENTIFIER = "com.test.Swift-01Tests";
				PRODUCT_NAME = "$(TARGET_NAME)";
				TARGETED_DEVICE_FAMILY = "1,2";
				TEST_HOST = "$(BUILT_PRODUCTS_DIR)/Swift-01.app/Swift-01";
			};
			name = Debug;
		};
		83440E0C26BF94A800DD855F /* Release */ = {
			isa = XCBuildConfiguration;
			buildSettings = {
				BUNDLE_LOADER = "$(TEST_HOST)";
				CODE_SIGN_STYLE = Automatic;
				DEVELOPMENT_TEAM = RRCXN6W74X;
				INFOPLIST_FILE = "Swift-01Tests/Info.plist";
				IPHONEOS_DEPLOYMENT_TARGET = 14.3;
				LD_RUNPATH_SEARCH_PATHS = (
					"$(inherited)",
					"@executable_path/Frameworks",
					"@loader_path/Frameworks",
				);
				PRODUCT_BUNDLE_IDENTIFIER = "com.test.Swift-01Tests";
				PRODUCT_NAME = "$(TARGET_NAME)";
				TARGETED_DEVICE_FAMILY = "1,2";
				TEST_HOST = "$(BUILT_PRODUCTS_DIR)/Swift-01.app/Swift-01";
			};
			name = Release;
		};
		83440E0E26BF94A800DD855F /* Debug */ = {
			isa = XCBuildConfiguration;
			buildSettings = {
				CODE_SIGN_STYLE = Automatic;
				DEVELOPMENT_TEAM = RRCXN6W74X;
				INFOPLIST_FILE = "Swift-01UITests/Info.plist";
				LD_RUNPATH_SEARCH_PATHS = (
					"$(inherited)",
					"@executable_path/Frameworks",
					"@loader_path/Frameworks",
				);
				PRODUCT_BUNDLE_IDENTIFIER = "com.test.Swift-01UITests";
				PRODUCT_NAME = "$(TARGET_NAME)";
				TARGETED_DEVICE_FAMILY = "1,2";
				TEST_TARGET_NAME = "Swift-01";
			};
			name = Debug;
		};
		83440E0F26BF94A800DD855F /* Release */ = {
			isa = XCBuildConfiguration;
			buildSettings = {
				CODE_SIGN_STYLE = Automatic;
				DEVELOPMENT_TEAM = RRCXN6W74X;
				INFOPLIST_FILE = "Swift-01UITests/Info.plist";
				LD_RUNPATH_SEARCH_PATHS = (
					"$(inherited)",
					"@executable_path/Frameworks",
					"@loader_path/Frameworks",
				);
				PRODUCT_BUNDLE_IDENTIFIER = "com.test.Swift-01UITests";
				PRODUCT_NAME = "$(TARGET_NAME)";
				TARGETED_DEVICE_FAMILY = "1,2";
				TEST_TARGET_NAME = "Swift-01";
			};
			name = Release;
		};
/* End XCBuildConfiguration section */

/* Begin XCConfigurationList section */
		83440DD326BF94A500DD855F /* Build configuration list for PBXProject "Swift-01" */ = {
			isa = XCConfigurationList;
			buildConfigurations = (
				83440E0526BF94A800DD855F /* Debug */,
				83440E0626BF94A800DD855F /* Release */,
			);
			defaultConfigurationIsVisible = 0;
			defaultConfigurationName = Release;
		};
		83440E0726BF94A800DD855F /* Build configuration list for PBXNativeTarget "Swift-01" */ = {
			isa = XCConfigurationList;
			buildConfigurations = (
				83440E0826BF94A800DD855F /* Debug */,
				83440E0926BF94A800DD855F /* Release */,
			);
			defaultConfigurationIsVisible = 0;
			defaultConfigurationName = Release;
		};
		83440E0A26BF94A800DD855F /* Build configuration list for PBXNativeTarget "Swift-01Tests" */ = {
			isa = XCConfigurationList;
			buildConfigurations = (
				83440E0B26BF94A800DD855F /* Debug */,
				83440E0C26BF94A800DD855F /* Release */,
			);
			defaultConfigurationIsVisible = 0;
			defaultConfigurationName = Release;
		};
		83440E0D26BF94A800DD855F /* Build configuration list for PBXNativeTarget "Swift-01UITests" */ = {
			isa = XCConfigurationList;
			buildConfigurations = (
				83440E0E26BF94A800DD855F /* Debug */,
				83440E0F26BF94A800DD855F /* Release */,
			);
			defaultConfigurationIsVisible = 0;
			defaultConfigurationName = Release;
		};
/* End XCConfigurationList section */
	};
	rootObject = 83440DD026BF94A500DD855F /* Project object */;
}
